
Microsoft Visual Studio Solution File, Format Version 12.00
# Visual Studio Version 16
VisualStudioVersion = 16.0.31112.23
MinimumVisualStudioVersion = 10.0.40219.1
Project("{9A19103F-16F7-4668-BE54-9A1E7A4F7556}") = "Remora.Discord.Gateway.Assistant", "Remora.Discord.Gateway.Assistant\Remora.Discord.Gateway.Assistant.csproj", "{B215BC28-31ED-4ED8-9DDB-6C375DFD65D7}"
EndProject
Project("{2150E333-8FDC-42A3-9474-1A3956D46DE8}") = "Solution Items", "Solution Items", "{7E7C2CA8-F21A-4643-AF27-3EFF88686CDF}"
	ProjectSection(SolutionItems) = preProject
		.gitattributes = .gitattributes
		.gitignore = .gitignore
	EndProjectSection
EndProject
Global
	GlobalSection(SolutionConfigurationPlatforms) = preSolution
		Debug|Any CPU = Debug|Any CPU
		Release|Any CPU = Release|Any CPU
	EndGlobalSection
	GlobalSection(ProjectConfigurationPlatforms) = postSolution
		{B215BC28-31ED-4ED8-9DDB-6C375DFD65D7}.Debug|Any CPU.ActiveCfg = Debug|Any CPU
		{B215BC28-31ED-4ED8-9DDB-6C375DFD65D7}.Debug|Any CPU.Build.0 = Debug|Any CPU
		{B215BC28-31ED-4ED8-9DDB-6C375DFD65D7}.Release|Any CPU.ActiveCfg = Release|Any CPU
		{B215BC28-31ED-4ED8-9DDB-6C375DFD65D7}.Release|Any CPU.Build.0 = Release|Any CPU
	EndGlobalSection
	GlobalSection(SolutionProperties) = preSolution
		HideSolutionNode = FALSE
	EndGlobalSection
	GlobalSection(ExtensibilityGlobals) = postSolution
		SolutionGuid = {AAEC1788-A333-4F41-8033-16BC93C255C4}
	EndGlobalSection
EndGlobal
